
Microsoft Visual Studio Solution File, Format Version 12.00
# Visual Studio Version 17
VisualStudioVersion = 17.5.33502.453
MinimumVisualStudioVersion = 10.0.40219.1
Project("{FAE04EC0-301F-11D3-BF4B-00C04F79EFBC}") = "Communicator", "Communicator.csproj", "{46952EF5-2B64-4AD3-A935-B40BB8368EC0}"
EndProject
Global
	GlobalSection(SolutionConfigurationPlatforms) = preSolution
		Debug|Any CPU = Debug|Any CPU
		Release|Any CPU = Release|Any CPU
	EndGlobalSection
	GlobalSection(ProjectConfigurationPlatforms) = postSolution
		{46952EF5-2B64-4AD3-A935-B40BB8368EC0}.Debug|Any CPU.ActiveCfg = Debug|Any CPU
		{46952EF5-2B64-4AD3-A935-B40BB8368EC0}.Debug|Any CPU.Build.0 = Debug|Any CPU
		{46952EF5-2B64-4AD3-A935-B40BB8368EC0}.Release|Any CPU.ActiveCfg = Release|Any CPU
		{46952EF5-2B64-4AD3-A935-B40BB8368EC0}.Release|Any CPU.Build.0 = Release|Any CPU
	EndGlobalSection
	GlobalSection(SolutionProperties) = preSolution
		HideSolutionNode = FALSE
	EndGlobalSection
	GlobalSection(ExtensibilityGlobals) = postSolution
		SolutionGuid = {F500408E-8003-49DF-83B0-3BE9A1C5B8EE}
	EndGlobalSection
EndGlobal
